
Microsoft Visual Studio Solution File, Format Version 12.00
# Visual Studio 2013
VisualStudioVersion = 12.0.40629.0
MinimumVisualStudioVersion = 10.0.40219.1
Project("{FAE04EC0-301F-11D3-BF4B-00C04F79EFBC}") = "MyMassSpec", "MyMassSpec\MyMassSpec.csproj", "{97C1EA55-4C66-45A8-AD00-5A0CA2B0B731}"
EndProject
Project("{FAE04EC0-301F-11D3-BF4B-00C04F79EFBC}") = "MyMassSpec.Tests", "MyMassSpec.Tests\MyMassSpec.Tests.csproj", "{D8D79289-DEED-4015-9E40-A445128FB937}"
EndProject
Global
	GlobalSection(SolutionConfigurationPlatforms) = preSolution
		Debug|Any CPU = Debug|Any CPU
		Release|Any CPU = Release|Any CPU
	EndGlobalSection
	GlobalSection(ProjectConfigurationPlatforms) = postSolution
		{97C1EA55-4C66-45A8-AD00-5A0CA2B0B731}.Debug|Any CPU.ActiveCfg = Debug|Any CPU
		{97C1EA55-4C66-45A8-AD00-5A0CA2B0B731}.Debug|Any CPU.Build.0 = Debug|Any CPU
		{97C1EA55-4C66-45A8-AD00-5A0CA2B0B731}.Release|Any CPU.ActiveCfg = Release|Any CPU
		{97C1EA55-4C66-45A8-AD00-5A0CA2B0B731}.Release|Any CPU.Build.0 = Release|Any CPU
		{D8D79289-DEED-4015-9E40-A445128FB937}.Debug|Any CPU.ActiveCfg = Debug|Any CPU
		{D8D79289-DEED-4015-9E40-A445128FB937}.Debug|Any CPU.Build.0 = Debug|Any CPU
		{D8D79289-DEED-4015-9E40-A445128FB937}.Release|Any CPU.ActiveCfg = Release|Any CPU
		{D8D79289-DEED-4015-9E40-A445128FB937}.Release|Any CPU.Build.0 = Release|Any CPU
	EndGlobalSection
	GlobalSection(SolutionProperties) = preSolution
		HideSolutionNode = FALSE
	EndGlobalSection
EndGlobal
